
Microsoft Visual Studio Solution File, Format Version 12.00
# Visual Studio 14
VisualStudioVersion = 14.0.25420.1
MinimumVisualStudioVersion = 10.0.40219.1
Project("{FAE04EC0-301F-11D3-BF4B-00C04F79EFBC}") = "CerberCam.Core", "CerberCam.Core\CerberCam.Core.csproj", "{A29CE24B-39A3-4A26-8476-0016A88D1A8C}"
EndProject
Project("{FAE04EC0-301F-11D3-BF4B-00C04F79EFBC}") = "CerberCam", "CerberCam\CerberCam.csproj", "{A8882DC5-D094-4883-85FB-9490ABC796F8}"
EndProject
Project("{2150E333-8FDC-42A3-9474-1A3956D46DE8}") = "Tests", "Tests", "{BDB0522A-1FB2-4479-9C81-4942C202A32C}"
EndProject
Project("{FAE04EC0-301F-11D3-BF4B-00C04F79EFBC}") = "CerberCam.Core.Tests", "..\..\Tests\Client\CerberCam.Core.Tests\CerberCam.Core.Tests.csproj", "{9F1C3C4A-491B-4968-9F70-861C06E1A81F}"
EndProject
Global
	GlobalSection(SolutionConfigurationPlatforms) = preSolution
		Debug|Any CPU = Debug|Any CPU
		Release|Any CPU = Release|Any CPU
	EndGlobalSection
	GlobalSection(ProjectConfigurationPlatforms) = postSolution
		{A29CE24B-39A3-4A26-8476-0016A88D1A8C}.Debug|Any CPU.ActiveCfg = Debug|Any CPU
		{A29CE24B-39A3-4A26-8476-0016A88D1A8C}.Debug|Any CPU.Build.0 = Debug|Any CPU
		{A29CE24B-39A3-4A26-8476-0016A88D1A8C}.Release|Any CPU.ActiveCfg = Release|Any CPU
		{A29CE24B-39A3-4A26-8476-0016A88D1A8C}.Release|Any CPU.Build.0 = Release|Any CPU
		{A8882DC5-D094-4883-85FB-9490ABC796F8}.Debug|Any CPU.ActiveCfg = Debug|Any CPU
		{A8882DC5-D094-4883-85FB-9490ABC796F8}.Debug|Any CPU.Build.0 = Debug|Any CPU
		{A8882DC5-D094-4883-85FB-9490ABC796F8}.Release|Any CPU.ActiveCfg = Release|Any CPU
		{A8882DC5-D094-4883-85FB-9490ABC796F8}.Release|Any CPU.Build.0 = Release|Any CPU
		{9F1C3C4A-491B-4968-9F70-861C06E1A81F}.Debug|Any CPU.ActiveCfg = Debug|Any CPU
		{9F1C3C4A-491B-4968-9F70-861C06E1A81F}.Debug|Any CPU.Build.0 = Debug|Any CPU
		{9F1C3C4A-491B-4968-9F70-861C06E1A81F}.Release|Any CPU.ActiveCfg = Release|Any CPU
		{9F1C3C4A-491B-4968-9F70-861C06E1A81F}.Release|Any CPU.Build.0 = Release|Any CPU
	EndGlobalSection
	GlobalSection(SolutionProperties) = preSolution
		HideSolutionNode = FALSE
	EndGlobalSection
	GlobalSection(NestedProjects) = preSolution
		{9F1C3C4A-491B-4968-9F70-861C06E1A81F} = {BDB0522A-1FB2-4479-9C81-4942C202A32C}
	EndGlobalSection
EndGlobal
